<?xml version="1.0" encoding="utf-8"?>
<Project ToolsVersion="4.0" xmlns="http://schemas.microsoft.com/developer/msbuild/2003">
  <ItemGroup>
    <ClCompile Include="VideoReaderFFMpeg.cpp" />
    <ClCompile Include="MJPEGWriter.cpp" />
    <ClCompile Include="AssemblyInfo.cpp" />
  </ItemGroup>
  <ItemGroup>
    <ClInclude Include="VideoReaderFFMpeg.h" />
    <ClInclude Include="SavingContext.h" />
    <ClInclude Include="MJPEGWriter.h" />
    <ClInclude Include="ReadResult.h" />
  </ItemGroup>
</Project>