
Microsoft Visual Studio Solution File, Format Version 11.00
# Visual Studio 2010
# SharpDevelop 4.2.1.8805
Project("{2150E333-8FDC-42A3-9474-1A3956D46DE8}") = "Camera", "Camera", "{4CCC6C98-26BD-4804-8282-5BCF71344499}"
	ProjectSection(SolutionItems) = postProject
	EndProjectSection
EndProject
Project("{FAE04EC0-301F-11D3-BF4B-00C04F79EFBC}") = "Kinovea.Camera", "Kinovea.Camera\Kinovea.Camera.csproj", "7EC5DEBF-DF52-40F5-A9FE-1B2007B6116D"
EndProject
Project("{FAE04EC0-301F-11D3-BF4B-00C04F79EFBC}") = "Kinovea.Camera.DirectShow", "Kinovea.Camera.DirectShow\Kinovea.Camera.DirectShow.csproj", "4F3A60A3-7E73-4087-897C-6DEC24614A2E"
EndProject
Project("{FAE04EC0-301F-11D3-BF4B-00C04F79EFBC}") = "Kinovea.Camera.HTTP", "Kinovea.Camera.HTTP\Kinovea.Camera.HTTP.csproj", "{7B8CF26D-B8AF-4914-B395-93661D225EA3}"
EndProject
Project("{FAE04EC0-301F-11D3-BF4B-00C04F79EFBC}") = "FileBrowser", "FileBrowser\FileBrowser.csproj", "{85924D93-541A-46E6-BF9A-EBE3B73887EC}"
EndProject
Project("{FAE04EC0-301F-11D3-BF4B-00C04F79EFBC}") = "Root", "Root\Root.csproj", "{BEBDDE90-1A14-47F9-9A2D-44B9B45C8502}"
EndProject
Project("{FAE04EC0-301F-11D3-BF4B-00C04F79EFBC}") = "ScreenManager", "ScreenManager\ScreenManager.csproj", "{25C4B2FB-CA90-4E2E-8046-106FCF36CB81}"
EndProject
Project("{FAE04EC0-301F-11D3-BF4B-00C04F79EFBC}") = "Services", "Services\Services.csproj", "{8AA92254-A016-4A84-925C-F5B07E02F8A8}"
EndProject
Project("{FAE04EC0-301F-11D3-BF4B-00C04F79EFBC}") = "Updater", "Updater\Updater.csproj", "{0A577C03-D217-4540-AAB4-D167A85E32C0}"
EndProject
Project("{FAE04EC0-301F-11D3-BF4B-00C04F79EFBC}") = "Video", "Video\Video.csproj", "{4CBB8462-00A7-4814-AD3B-07C82EEEB0DE}"
EndProject
Global
	GlobalSection(SolutionConfigurationPlatforms) = preSolution
		Debug|Any CPU = Debug|Any CPU
		Debug|x86 = Debug|x86
		Release|Any CPU = Release|Any CPU
		Release|x86 = Release|x86
	EndGlobalSection
	GlobalSection(ProjectConfigurationPlatforms) = postSolution
		{85924D93-541A-46E6-BF9A-EBE3B73887EC}.Debug|Any CPU.ActiveCfg = Debug|Any CPU
		{85924D93-541A-46E6-BF9A-EBE3B73887EC}.Debug|Any CPU.Build.0 = Debug|Any CPU
		{85924D93-541A-46E6-BF9A-EBE3B73887EC}.Debug|x86.ActiveCfg = Debug|x86
		{85924D93-541A-46E6-BF9A-EBE3B73887EC}.Debug|x86.Build.0 = Debug|x86
		{85924D93-541A-46E6-BF9A-EBE3B73887EC}.Release|Any CPU.ActiveCfg = Release|Any CPU
		{85924D93-541A-46E6-BF9A-EBE3B73887EC}.Release|Any CPU.Build.0 = Release|Any CPU
		{85924D93-541A-46E6-BF9A-EBE3B73887EC}.Release|x86.ActiveCfg = Release|x86
		{85924D93-541A-46E6-BF9A-EBE3B73887EC}.Release|x86.Build.0 = Release|x86
		{BEBDDE90-1A14-47F9-9A2D-44B9B45C8502}.Debug|Any CPU.ActiveCfg = Debug|Any CPU
		{BEBDDE90-1A14-47F9-9A2D-44B9B45C8502}.Debug|Any CPU.Build.0 = Debug|Any CPU
		{BEBDDE90-1A14-47F9-9A2D-44B9B45C8502}.Debug|x86.ActiveCfg = Debug|x86
		{BEBDDE90-1A14-47F9-9A2D-44B9B45C8502}.Debug|x86.Build.0 = Debug|x86
		{BEBDDE90-1A14-47F9-9A2D-44B9B45C8502}.Release|Any CPU.ActiveCfg = Release|Any CPU
		{BEBDDE90-1A14-47F9-9A2D-44B9B45C8502}.Release|Any CPU.Build.0 = Release|Any CPU
		{BEBDDE90-1A14-47F9-9A2D-44B9B45C8502}.Release|x86.ActiveCfg = Release|x86
		{BEBDDE90-1A14-47F9-9A2D-44B9B45C8502}.Release|x86.Build.0 = Release|x86
		{25C4B2FB-CA90-4E2E-8046-106FCF36CB81}.Debug|Any CPU.ActiveCfg = Debug|Any CPU
		{25C4B2FB-CA90-4E2E-8046-106FCF36CB81}.Debug|Any CPU.Build.0 = Debug|Any CPU
		{25C4B2FB-CA90-4E2E-8046-106FCF36CB81}.Debug|x86.ActiveCfg = Debug|x86
		{25C4B2FB-CA90-4E2E-8046-106FCF36CB81}.Debug|x86.Build.0 = Debug|x86
		{25C4B2FB-CA90-4E2E-8046-106FCF36CB81}.Release|Any CPU.ActiveCfg = Release|Any CPU
		{25C4B2FB-CA90-4E2E-8046-106FCF36CB81}.Release|Any CPU.Build.0 = Release|Any CPU
		{25C4B2FB-CA90-4E2E-8046-106FCF36CB81}.Release|x86.ActiveCfg = Release|x86
		{25C4B2FB-CA90-4E2E-8046-106FCF36CB81}.Release|x86.Build.0 = Release|x86
		{8AA92254-A016-4A84-925C-F5B07E02F8A8}.Debug|Any CPU.ActiveCfg = Debug|Any CPU
		{8AA92254-A016-4A84-925C-F5B07E02F8A8}.Debug|Any CPU.Build.0 = Debug|Any CPU
		{8AA92254-A016-4A84-925C-F5B07E02F8A8}.Debug|x86.ActiveCfg = Debug|x86
		{8AA92254-A016-4A84-925C-F5B07E02F8A8}.Debug|x86.Build.0 = Debug|x86
		{8AA92254-A016-4A84-925C-F5B07E02F8A8}.Release|Any CPU.ActiveCfg = Release|Any CPU
		{8AA92254-A016-4A84-925C-F5B07E02F8A8}.Release|Any CPU.Build.0 = Release|Any CPU
		{8AA92254-A016-4A84-925C-F5B07E02F8A8}.Release|x86.ActiveCfg = Release|x86
		{8AA92254-A016-4A84-925C-F5B07E02F8A8}.Release|x86.Build.0 = Release|x86
		{0A577C03-D217-4540-AAB4-D167A85E32C0}.Debug|Any CPU.ActiveCfg = Debug|Any CPU
		{0A577C03-D217-4540-AAB4-D167A85E32C0}.Debug|Any CPU.Build.0 = Debug|Any CPU
		{0A577C03-D217-4540-AAB4-D167A85E32C0}.Debug|x86.ActiveCfg = Debug|x86
		{0A577C03-D217-4540-AAB4-D167A85E32C0}.Debug|x86.Build.0 = Debug|x86
		{0A577C03-D217-4540-AAB4-D167A85E32C0}.Release|Any CPU.ActiveCfg = Release|Any CPU
		{0A577C03-D217-4540-AAB4-D167A85E32C0}.Release|Any CPU.Build.0 = Release|Any CPU
		{0A577C03-D217-4540-AAB4-D167A85E32C0}.Release|x86.ActiveCfg = Release|x86
		{0A577C03-D217-4540-AAB4-D167A85E32C0}.Release|x86.Build.0 = Release|x86
		{4CBB8462-00A7-4814-AD3B-07C82EEEB0DE}.Debug|Any CPU.Build.0 = Debug|x86
		{4CBB8462-00A7-4814-AD3B-07C82EEEB0DE}.Debug|Any CPU.ActiveCfg = Debug|x86
		{4CBB8462-00A7-4814-AD3B-07C82EEEB0DE}.Debug|x86.Build.0 = Debug|x86
		{4CBB8462-00A7-4814-AD3B-07C82EEEB0DE}.Debug|x86.ActiveCfg = Debug|x86
		{4CBB8462-00A7-4814-AD3B-07C82EEEB0DE}.Release|Any CPU.Build.0 = Release|x86
		{4CBB8462-00A7-4814-AD3B-07C82EEEB0DE}.Release|Any CPU.ActiveCfg = Release|x86
		{4CBB8462-00A7-4814-AD3B-07C82EEEB0DE}.Release|x86.Build.0 = Release|x86
		{4CBB8462-00A7-4814-AD3B-07C82EEEB0DE}.Release|x86.ActiveCfg = Release|x86
		7EC5DEBF-DF52-40F5-A9FE-1B2007B6116D.Debug|Any CPU.Build.0 = Debug|x86
		7EC5DEBF-DF52-40F5-A9FE-1B2007B6116D.Debug|Any CPU.ActiveCfg = Debug|x86
		7EC5DEBF-DF52-40F5-A9FE-1B2007B6116D.Debug|x86.Build.0 = Debug|x86
		7EC5DEBF-DF52-40F5-A9FE-1B2007B6116D.Debug|x86.ActiveCfg = Debug|x86
		7EC5DEBF-DF52-40F5-A9FE-1B2007B6116D.Release|Any CPU.Build.0 = Release|x86
		7EC5DEBF-DF52-40F5-A9FE-1B2007B6116D.Release|Any CPU.ActiveCfg = Release|x86
		7EC5DEBF-DF52-40F5-A9FE-1B2007B6116D.Release|x86.Build.0 = Release|x86
		7EC5DEBF-DF52-40F5-A9FE-1B2007B6116D.Release|x86.ActiveCfg = Release|x86
		4F3A60A3-7E73-4087-897C-6DEC24614A2E.Debug|Any CPU.Build.0 = Debug|x86
		4F3A60A3-7E73-4087-897C-6DEC24614A2E.Debug|Any CPU.ActiveCfg = Debug|x86
		4F3A60A3-7E73-4087-897C-6DEC24614A2E.Debug|x86.Build.0 = Debug|x86
		4F3A60A3-7E73-4087-897C-6DEC24614A2E.Debug|x86.ActiveCfg = Debug|x86
		4F3A60A3-7E73-4087-897C-6DEC24614A2E.Release|Any CPU.Build.0 = Release|x86
		4F3A60A3-7E73-4087-897C-6DEC24614A2E.Release|Any CPU.ActiveCfg = Release|x86
		4F3A60A3-7E73-4087-897C-6DEC24614A2E.Release|x86.Build.0 = Release|x86
		4F3A60A3-7E73-4087-897C-6DEC24614A2E.Release|x86.ActiveCfg = Release|x86
		{7B8CF26D-B8AF-4914-B395-93661D225EA3}.Debug|Any CPU.Build.0 = Debug|x86
		{7B8CF26D-B8AF-4914-B395-93661D225EA3}.Debug|Any CPU.ActiveCfg = Debug|x86
		{7B8CF26D-B8AF-4914-B395-93661D225EA3}.Debug|x86.Build.0 = Debug|x86
		{7B8CF26D-B8AF-4914-B395-93661D225EA3}.Debug|x86.ActiveCfg = Debug|x86
		{7B8CF26D-B8AF-4914-B395-93661D225EA3}.Release|Any CPU.Build.0 = Release|x86
		{7B8CF26D-B8AF-4914-B395-93661D225EA3}.Release|Any CPU.ActiveCfg = Release|x86
		{7B8CF26D-B8AF-4914-B395-93661D225EA3}.Release|x86.Build.0 = Release|x86
		{7B8CF26D-B8AF-4914-B395-93661D225EA3}.Release|x86.ActiveCfg = Release|x86
	EndGlobalSection
	GlobalSection(SolutionProperties) = preSolution
		HideSolutionNode = FALSE
	EndGlobalSection
	GlobalSection(NestedProjects) = preSolution
		7EC5DEBF-DF52-40F5-A9FE-1B2007B6116D = {4CCC6C98-26BD-4804-8282-5BCF71344499}
		4F3A60A3-7E73-4087-897C-6DEC24614A2E = {4CCC6C98-26BD-4804-8282-5BCF71344499}
		{7B8CF26D-B8AF-4914-B395-93661D225EA3} = {4CCC6C98-26BD-4804-8282-5BCF71344499}
	EndGlobalSection
EndGlobal
