
Microsoft Visual Studio Solution File, Format Version 11.00
# Visual Studio 2010
# SharpDevelop 4.0.0.7070
Project("{2150E333-8FDC-42A3-9474-1A3956D46DE8}") = "AForge", "AForge", "{9659A443-1CA4-491A-B881-4389A53EDC83}"
	ProjectSection(SolutionItems) = postProject
	EndProjectSection
EndProject
Project("{FAE04EC0-301F-11D3-BF4B-00C04F79EFBC}") = "Video.DirectShow", "..\..\ExternalCode\AForge.NET\Sources\Video.DirectShow\Video.DirectShow.csproj", "{26CD2CE7-FF63-4669-83B0-7D9C8F3408EE}"
EndProject
Project("{FAE04EC0-301F-11D3-BF4B-00C04F79EFBC}") = "Math", "..\..\ExternalCode\AForge.NET\Sources\Math\Math.csproj", "{C0FAF524-72E4-46F7-8C1B-A6B74DEC5EBE}"
EndProject
Project("{FAE04EC0-301F-11D3-BF4B-00C04F79EFBC}") = "Imaging", "..\..\ExternalCode\AForge.NET\Sources\Imaging\Imaging.csproj", "{C6A8B9AE-0749-41C7-8FF9-02C156696F45}"
EndProject
Project("{FAE04EC0-301F-11D3-BF4B-00C04F79EFBC}") = "Core", "..\..\ExternalCode\AForge.NET\Sources\Core\Core.csproj", "{631AC093-430F-45F4-BA0C-AF0F0405918A}"
EndProject
Project("{FAE04EC0-301F-11D3-BF4B-00C04F79EFBC}") = "Video", "..\..\ExternalCode\AForge.NET\Sources\Video\Video.csproj", "{809725DC-6502-4732-A51C-DEB7FEA12975}"
EndProject
Project("{FAE04EC0-301F-11D3-BF4B-00C04F79EFBC}") = "Root", "Root\Root.csproj", "{BEBDDE90-1A14-47F9-9A2D-44B9B45C8502}"
EndProject
Project("{FAE04EC0-301F-11D3-BF4B-00C04F79EFBC}") = "ScreenManager", "ScreenManager\ScreenManager.csproj", "{25C4B2FB-CA90-4E2E-8046-106FCF36CB81}"
EndProject
Project("{FAE04EC0-301F-11D3-BF4B-00C04F79EFBC}") = "Services", "Services\Services.csproj", "{8AA92254-A016-4A84-925C-F5B07E02F8A8}"
EndProject
Project("{FAE04EC0-301F-11D3-BF4B-00C04F79EFBC}") = "Updater", "Updater\Updater.csproj", "{0A577C03-D217-4540-AAB4-D167A85E32C0}"
EndProject
Project("{FAE04EC0-301F-11D3-BF4B-00C04F79EFBC}") = "Video", "Video\Video.csproj", "{4CBB8462-00A7-4814-AD3B-07C82EEEB0DE}"
EndProject
Project("{FAE04EC0-301F-11D3-BF4B-00C04F79EFBC}") = "FileBrowser", "FileBrowser\FileBrowser.csproj", "{85924D93-541A-46E6-BF9A-EBE3B73887EC}"
EndProject
Project("{FAE04EC0-301F-11D3-BF4B-00C04F79EFBC}") = "Video.Tests", "VideoTests\Video.Tests.csproj", "{D45EAB37-D65C-48C5-BF76-B29C354BB3A9}"
EndProject
Global
	GlobalSection(SolutionConfigurationPlatforms) = preSolution
		Debug|Any CPU = Debug|Any CPU
		Debug|x86 = Debug|x86
		DebugExternals|Any CPU = DebugExternals|Any CPU
		DebugExternals|x86 = DebugExternals|x86
		Release|Any CPU = Release|Any CPU
		Release|x86 = Release|x86
	EndGlobalSection
	GlobalSection(ProjectConfigurationPlatforms) = postSolution
		{BEBDDE90-1A14-47F9-9A2D-44B9B45C8502}.Debug|Any CPU.ActiveCfg = Debug|Any CPU
		{BEBDDE90-1A14-47F9-9A2D-44B9B45C8502}.Debug|Any CPU.Build.0 = Debug|Any CPU
		{BEBDDE90-1A14-47F9-9A2D-44B9B45C8502}.Debug|x86.ActiveCfg = Debug|x86
		{BEBDDE90-1A14-47F9-9A2D-44B9B45C8502}.Debug|x86.Build.0 = Debug|x86
		{BEBDDE90-1A14-47F9-9A2D-44B9B45C8502}.DebugExternals|Any CPU.ActiveCfg = DebugExternals|Any CPU
		{BEBDDE90-1A14-47F9-9A2D-44B9B45C8502}.DebugExternals|Any CPU.Build.0 = DebugExternals|Any CPU
		{BEBDDE90-1A14-47F9-9A2D-44B9B45C8502}.DebugExternals|x86.ActiveCfg = Debug|x86
		{BEBDDE90-1A14-47F9-9A2D-44B9B45C8502}.DebugExternals|x86.Build.0 = Debug|x86
		{BEBDDE90-1A14-47F9-9A2D-44B9B45C8502}.Release|Any CPU.ActiveCfg = Release|Any CPU
		{BEBDDE90-1A14-47F9-9A2D-44B9B45C8502}.Release|Any CPU.Build.0 = Release|Any CPU
		{BEBDDE90-1A14-47F9-9A2D-44B9B45C8502}.Release|x86.ActiveCfg = Release|x86
		{BEBDDE90-1A14-47F9-9A2D-44B9B45C8502}.Release|x86.Build.0 = Release|x86
		{25C4B2FB-CA90-4E2E-8046-106FCF36CB81}.Debug|Any CPU.ActiveCfg = Debug|Any CPU
		{25C4B2FB-CA90-4E2E-8046-106FCF36CB81}.Debug|Any CPU.Build.0 = Debug|Any CPU
		{25C4B2FB-CA90-4E2E-8046-106FCF36CB81}.Debug|x86.ActiveCfg = Debug|x86
		{25C4B2FB-CA90-4E2E-8046-106FCF36CB81}.Debug|x86.Build.0 = Debug|x86
		{25C4B2FB-CA90-4E2E-8046-106FCF36CB81}.DebugExternals|Any CPU.ActiveCfg = DebugExternals|Any CPU
		{25C4B2FB-CA90-4E2E-8046-106FCF36CB81}.DebugExternals|Any CPU.Build.0 = DebugExternals|Any CPU
		{25C4B2FB-CA90-4E2E-8046-106FCF36CB81}.DebugExternals|x86.ActiveCfg = Debug|x86
		{25C4B2FB-CA90-4E2E-8046-106FCF36CB81}.DebugExternals|x86.Build.0 = Debug|x86
		{25C4B2FB-CA90-4E2E-8046-106FCF36CB81}.Release|Any CPU.ActiveCfg = Release|Any CPU
		{25C4B2FB-CA90-4E2E-8046-106FCF36CB81}.Release|Any CPU.Build.0 = Release|Any CPU
		{25C4B2FB-CA90-4E2E-8046-106FCF36CB81}.Release|x86.ActiveCfg = Release|x86
		{25C4B2FB-CA90-4E2E-8046-106FCF36CB81}.Release|x86.Build.0 = Release|x86
		{8AA92254-A016-4A84-925C-F5B07E02F8A8}.Debug|Any CPU.ActiveCfg = Debug|Any CPU
		{8AA92254-A016-4A84-925C-F5B07E02F8A8}.Debug|Any CPU.Build.0 = Debug|Any CPU
		{8AA92254-A016-4A84-925C-F5B07E02F8A8}.Debug|x86.ActiveCfg = Debug|x86
		{8AA92254-A016-4A84-925C-F5B07E02F8A8}.Debug|x86.Build.0 = Debug|x86
		{8AA92254-A016-4A84-925C-F5B07E02F8A8}.DebugExternals|Any CPU.ActiveCfg = DebugExternals|Any CPU
		{8AA92254-A016-4A84-925C-F5B07E02F8A8}.DebugExternals|Any CPU.Build.0 = DebugExternals|Any CPU
		{8AA92254-A016-4A84-925C-F5B07E02F8A8}.DebugExternals|x86.ActiveCfg = Debug|x86
		{8AA92254-A016-4A84-925C-F5B07E02F8A8}.DebugExternals|x86.Build.0 = Debug|x86
		{8AA92254-A016-4A84-925C-F5B07E02F8A8}.Release|Any CPU.ActiveCfg = Release|Any CPU
		{8AA92254-A016-4A84-925C-F5B07E02F8A8}.Release|Any CPU.Build.0 = Release|Any CPU
		{8AA92254-A016-4A84-925C-F5B07E02F8A8}.Release|x86.ActiveCfg = Release|x86
		{8AA92254-A016-4A84-925C-F5B07E02F8A8}.Release|x86.Build.0 = Release|x86
		{0A577C03-D217-4540-AAB4-D167A85E32C0}.Debug|Any CPU.ActiveCfg = Debug|Any CPU
		{0A577C03-D217-4540-AAB4-D167A85E32C0}.Debug|Any CPU.Build.0 = Debug|Any CPU
		{0A577C03-D217-4540-AAB4-D167A85E32C0}.Debug|x86.ActiveCfg = Debug|x86
		{0A577C03-D217-4540-AAB4-D167A85E32C0}.Debug|x86.Build.0 = Debug|x86
		{0A577C03-D217-4540-AAB4-D167A85E32C0}.DebugExternals|Any CPU.ActiveCfg = DebugExternals|Any CPU
		{0A577C03-D217-4540-AAB4-D167A85E32C0}.DebugExternals|Any CPU.Build.0 = DebugExternals|Any CPU
		{0A577C03-D217-4540-AAB4-D167A85E32C0}.DebugExternals|x86.ActiveCfg = Debug|x86
		{0A577C03-D217-4540-AAB4-D167A85E32C0}.DebugExternals|x86.Build.0 = Debug|x86
		{0A577C03-D217-4540-AAB4-D167A85E32C0}.Release|Any CPU.ActiveCfg = Release|Any CPU
		{0A577C03-D217-4540-AAB4-D167A85E32C0}.Release|Any CPU.Build.0 = Release|Any CPU
		{0A577C03-D217-4540-AAB4-D167A85E32C0}.Release|x86.ActiveCfg = Release|x86
		{0A577C03-D217-4540-AAB4-D167A85E32C0}.Release|x86.Build.0 = Release|x86
		{4CBB8462-00A7-4814-AD3B-07C82EEEB0DE}.Debug|Any CPU.ActiveCfg = Debug|x86
		{4CBB8462-00A7-4814-AD3B-07C82EEEB0DE}.Debug|Any CPU.Build.0 = Debug|x86
		{4CBB8462-00A7-4814-AD3B-07C82EEEB0DE}.Debug|x86.ActiveCfg = Debug|x86
		{4CBB8462-00A7-4814-AD3B-07C82EEEB0DE}.Debug|x86.Build.0 = Debug|x86
		{4CBB8462-00A7-4814-AD3B-07C82EEEB0DE}.DebugExternals|Any CPU.ActiveCfg = DebugExternals|x86
		{4CBB8462-00A7-4814-AD3B-07C82EEEB0DE}.DebugExternals|Any CPU.Build.0 = DebugExternals|x86
		{4CBB8462-00A7-4814-AD3B-07C82EEEB0DE}.DebugExternals|x86.ActiveCfg = Debug|x86
		{4CBB8462-00A7-4814-AD3B-07C82EEEB0DE}.DebugExternals|x86.Build.0 = Debug|x86
		{4CBB8462-00A7-4814-AD3B-07C82EEEB0DE}.Release|Any CPU.ActiveCfg = Release|x86
		{4CBB8462-00A7-4814-AD3B-07C82EEEB0DE}.Release|Any CPU.Build.0 = Release|x86
		{4CBB8462-00A7-4814-AD3B-07C82EEEB0DE}.Release|x86.ActiveCfg = Release|x86
		{4CBB8462-00A7-4814-AD3B-07C82EEEB0DE}.Release|x86.Build.0 = Release|x86
		{85924D93-541A-46E6-BF9A-EBE3B73887EC}.Debug|Any CPU.ActiveCfg = Debug|Any CPU
		{85924D93-541A-46E6-BF9A-EBE3B73887EC}.Debug|Any CPU.Build.0 = Debug|Any CPU
		{85924D93-541A-46E6-BF9A-EBE3B73887EC}.Debug|x86.ActiveCfg = Debug|x86
		{85924D93-541A-46E6-BF9A-EBE3B73887EC}.Debug|x86.Build.0 = Debug|x86
		{85924D93-541A-46E6-BF9A-EBE3B73887EC}.DebugExternals|Any CPU.ActiveCfg = DebugExternals|Any CPU
		{85924D93-541A-46E6-BF9A-EBE3B73887EC}.DebugExternals|Any CPU.Build.0 = DebugExternals|Any CPU
		{85924D93-541A-46E6-BF9A-EBE3B73887EC}.DebugExternals|x86.ActiveCfg = Debug|x86
		{85924D93-541A-46E6-BF9A-EBE3B73887EC}.DebugExternals|x86.Build.0 = Debug|x86
		{85924D93-541A-46E6-BF9A-EBE3B73887EC}.Release|Any CPU.ActiveCfg = Release|Any CPU
		{85924D93-541A-46E6-BF9A-EBE3B73887EC}.Release|Any CPU.Build.0 = Release|Any CPU
		{85924D93-541A-46E6-BF9A-EBE3B73887EC}.Release|x86.ActiveCfg = Release|x86
		{85924D93-541A-46E6-BF9A-EBE3B73887EC}.Release|x86.Build.0 = Release|x86
		{D45EAB37-D65C-48C5-BF76-B29C354BB3A9}.Debug|Any CPU.ActiveCfg = Debug|x86
		{D45EAB37-D65C-48C5-BF76-B29C354BB3A9}.Debug|x86.ActiveCfg = Debug|x86
		{D45EAB37-D65C-48C5-BF76-B29C354BB3A9}.Debug|x86.Build.0 = Debug|x86
		{D45EAB37-D65C-48C5-BF76-B29C354BB3A9}.DebugExternals|Any CPU.ActiveCfg = DebugExternals|x86
		{D45EAB37-D65C-48C5-BF76-B29C354BB3A9}.DebugExternals|Any CPU.Build.0 = DebugExternals|x86
		{D45EAB37-D65C-48C5-BF76-B29C354BB3A9}.DebugExternals|x86.ActiveCfg = Debug|x86
		{D45EAB37-D65C-48C5-BF76-B29C354BB3A9}.DebugExternals|x86.Build.0 = Debug|x86
		{D45EAB37-D65C-48C5-BF76-B29C354BB3A9}.Release|Any CPU.ActiveCfg = Release|x86
		{D45EAB37-D65C-48C5-BF76-B29C354BB3A9}.Release|x86.ActiveCfg = Release|x86
		{D45EAB37-D65C-48C5-BF76-B29C354BB3A9}.Release|x86.Build.0 = Release|x86
		{631AC093-430F-45F4-BA0C-AF0F0405918A}.Debug|Any CPU.ActiveCfg = Debug|Any CPU
		{631AC093-430F-45F4-BA0C-AF0F0405918A}.Debug|Any CPU.Build.0 = Debug|Any CPU
		{631AC093-430F-45F4-BA0C-AF0F0405918A}.Debug|x86.ActiveCfg = Debug|Any CPU
		{631AC093-430F-45F4-BA0C-AF0F0405918A}.Debug|x86.Build.0 = Debug|Any CPU
		{631AC093-430F-45F4-BA0C-AF0F0405918A}.DebugExternals|Any CPU.ActiveCfg = Debug|Any CPU
		{631AC093-430F-45F4-BA0C-AF0F0405918A}.DebugExternals|Any CPU.Build.0 = Debug|Any CPU
		{631AC093-430F-45F4-BA0C-AF0F0405918A}.DebugExternals|x86.ActiveCfg = Debug|Any CPU
		{631AC093-430F-45F4-BA0C-AF0F0405918A}.DebugExternals|x86.Build.0 = Debug|Any CPU
		{631AC093-430F-45F4-BA0C-AF0F0405918A}.Release|Any CPU.ActiveCfg = Release|Any CPU
		{631AC093-430F-45F4-BA0C-AF0F0405918A}.Release|Any CPU.Build.0 = Release|Any CPU
		{631AC093-430F-45F4-BA0C-AF0F0405918A}.Release|x86.ActiveCfg = Release|Any CPU
		{631AC093-430F-45F4-BA0C-AF0F0405918A}.Release|x86.Build.0 = Release|Any CPU
		{C6A8B9AE-0749-41C7-8FF9-02C156696F45}.Debug|Any CPU.ActiveCfg = Debug|Any CPU
		{C6A8B9AE-0749-41C7-8FF9-02C156696F45}.Debug|Any CPU.Build.0 = Debug|Any CPU
		{C6A8B9AE-0749-41C7-8FF9-02C156696F45}.Debug|x86.ActiveCfg = Debug|Any CPU
		{C6A8B9AE-0749-41C7-8FF9-02C156696F45}.Debug|x86.Build.0 = Debug|Any CPU
		{C6A8B9AE-0749-41C7-8FF9-02C156696F45}.DebugExternals|Any CPU.ActiveCfg = Debug|Any CPU
		{C6A8B9AE-0749-41C7-8FF9-02C156696F45}.DebugExternals|Any CPU.Build.0 = Debug|Any CPU
		{C6A8B9AE-0749-41C7-8FF9-02C156696F45}.DebugExternals|x86.ActiveCfg = Debug|Any CPU
		{C6A8B9AE-0749-41C7-8FF9-02C156696F45}.DebugExternals|x86.Build.0 = Debug|Any CPU
		{C6A8B9AE-0749-41C7-8FF9-02C156696F45}.Release|Any CPU.ActiveCfg = Release|Any CPU
		{C6A8B9AE-0749-41C7-8FF9-02C156696F45}.Release|Any CPU.Build.0 = Release|Any CPU
		{C6A8B9AE-0749-41C7-8FF9-02C156696F45}.Release|x86.ActiveCfg = Release|Any CPU
		{C6A8B9AE-0749-41C7-8FF9-02C156696F45}.Release|x86.Build.0 = Release|Any CPU
		{C0FAF524-72E4-46F7-8C1B-A6B74DEC5EBE}.Debug|Any CPU.ActiveCfg = Debug|Any CPU
		{C0FAF524-72E4-46F7-8C1B-A6B74DEC5EBE}.Debug|Any CPU.Build.0 = Debug|Any CPU
		{C0FAF524-72E4-46F7-8C1B-A6B74DEC5EBE}.Debug|x86.ActiveCfg = Debug|Any CPU
		{C0FAF524-72E4-46F7-8C1B-A6B74DEC5EBE}.Debug|x86.Build.0 = Debug|Any CPU
		{C0FAF524-72E4-46F7-8C1B-A6B74DEC5EBE}.DebugExternals|Any CPU.ActiveCfg = Debug|Any CPU
		{C0FAF524-72E4-46F7-8C1B-A6B74DEC5EBE}.DebugExternals|Any CPU.Build.0 = Debug|Any CPU
		{C0FAF524-72E4-46F7-8C1B-A6B74DEC5EBE}.DebugExternals|x86.ActiveCfg = Debug|Any CPU
		{C0FAF524-72E4-46F7-8C1B-A6B74DEC5EBE}.DebugExternals|x86.Build.0 = Debug|Any CPU
		{C0FAF524-72E4-46F7-8C1B-A6B74DEC5EBE}.Release|Any CPU.ActiveCfg = Release|Any CPU
		{C0FAF524-72E4-46F7-8C1B-A6B74DEC5EBE}.Release|Any CPU.Build.0 = Release|Any CPU
		{C0FAF524-72E4-46F7-8C1B-A6B74DEC5EBE}.Release|x86.ActiveCfg = Release|Any CPU
		{C0FAF524-72E4-46F7-8C1B-A6B74DEC5EBE}.Release|x86.Build.0 = Release|Any CPU
		{26CD2CE7-FF63-4669-83B0-7D9C8F3408EE}.Debug|Any CPU.ActiveCfg = Debug|Any CPU
		{26CD2CE7-FF63-4669-83B0-7D9C8F3408EE}.Debug|Any CPU.Build.0 = Debug|Any CPU
		{26CD2CE7-FF63-4669-83B0-7D9C8F3408EE}.Debug|x86.ActiveCfg = Debug|Any CPU
		{26CD2CE7-FF63-4669-83B0-7D9C8F3408EE}.Debug|x86.Build.0 = Debug|Any CPU
		{26CD2CE7-FF63-4669-83B0-7D9C8F3408EE}.DebugExternals|Any CPU.ActiveCfg = Debug|Any CPU
		{26CD2CE7-FF63-4669-83B0-7D9C8F3408EE}.DebugExternals|Any CPU.Build.0 = Debug|Any CPU
		{26CD2CE7-FF63-4669-83B0-7D9C8F3408EE}.DebugExternals|x86.ActiveCfg = Debug|Any CPU
		{26CD2CE7-FF63-4669-83B0-7D9C8F3408EE}.DebugExternals|x86.Build.0 = Debug|Any CPU
		{26CD2CE7-FF63-4669-83B0-7D9C8F3408EE}.Release|Any CPU.ActiveCfg = Release|Any CPU
		{26CD2CE7-FF63-4669-83B0-7D9C8F3408EE}.Release|Any CPU.Build.0 = Release|Any CPU
		{26CD2CE7-FF63-4669-83B0-7D9C8F3408EE}.Release|x86.ActiveCfg = Release|Any CPU
		{26CD2CE7-FF63-4669-83B0-7D9C8F3408EE}.Release|x86.Build.0 = Release|Any CPU
		{809725DC-6502-4732-A51C-DEB7FEA12975}.Debug|Any CPU.Build.0 = Debug|Any CPU
		{809725DC-6502-4732-A51C-DEB7FEA12975}.Debug|Any CPU.ActiveCfg = Debug|Any CPU
		{809725DC-6502-4732-A51C-DEB7FEA12975}.Debug|x86.Build.0 = Debug|Any CPU
		{809725DC-6502-4732-A51C-DEB7FEA12975}.Debug|x86.ActiveCfg = Debug|Any CPU
		{809725DC-6502-4732-A51C-DEB7FEA12975}.DebugExternals|Any CPU.Build.0 = Debug|Any CPU
		{809725DC-6502-4732-A51C-DEB7FEA12975}.DebugExternals|Any CPU.ActiveCfg = Debug|Any CPU
		{809725DC-6502-4732-A51C-DEB7FEA12975}.DebugExternals|x86.Build.0 = Debug|Any CPU
		{809725DC-6502-4732-A51C-DEB7FEA12975}.DebugExternals|x86.ActiveCfg = Debug|Any CPU
		{809725DC-6502-4732-A51C-DEB7FEA12975}.Release|Any CPU.Build.0 = Release|Any CPU
		{809725DC-6502-4732-A51C-DEB7FEA12975}.Release|Any CPU.ActiveCfg = Release|Any CPU
		{809725DC-6502-4732-A51C-DEB7FEA12975}.Release|x86.Build.0 = Release|Any CPU
		{809725DC-6502-4732-A51C-DEB7FEA12975}.Release|x86.ActiveCfg = Release|Any CPU
	EndGlobalSection
	GlobalSection(SolutionProperties) = preSolution
		HideSolutionNode = FALSE
	EndGlobalSection
	GlobalSection(NestedProjects) = preSolution
		{809725DC-6502-4732-A51C-DEB7FEA12975} = {9659A443-1CA4-491A-B881-4389A53EDC83}
		{631AC093-430F-45F4-BA0C-AF0F0405918A} = {9659A443-1CA4-491A-B881-4389A53EDC83}
		{C6A8B9AE-0749-41C7-8FF9-02C156696F45} = {9659A443-1CA4-491A-B881-4389A53EDC83}
		{C0FAF524-72E4-46F7-8C1B-A6B74DEC5EBE} = {9659A443-1CA4-491A-B881-4389A53EDC83}
		{26CD2CE7-FF63-4669-83B0-7D9C8F3408EE} = {9659A443-1CA4-491A-B881-4389A53EDC83}
	EndGlobalSection
EndGlobal
