
Microsoft Visual Studio Solution File, Format Version 11.00
# Visual Studio 2010
Project("{2150E333-8FDC-42A3-9474-1A3956D46DE8}") = "Camera", "Camera", "{58D505DA-544D-4DCD-B3DB-6562E446E6C4}"
EndProject
Project("{FAE04EC0-301F-11D3-BF4B-00C04F79EFBC}") = "Kinovea.Camera", "Kinovea.Camera\Kinovea.Camera.csproj", "{2BF373B8-5D33-4FCF-8C30-5E8CAF6777E7}"
EndProject
Project("{FAE04EC0-301F-11D3-BF4B-00C04F79EFBC}") = "Kinovea.Camera.DirectShow", "Kinovea.Camera.DirectShow\Kinovea.Camera.DirectShow.csproj", "{104B98B4-961D-4ED4-B7C3-7E790065AAED}"
	ProjectSection(ProjectDependencies) = postProject
		{2BF373B8-5D33-4FCF-8C30-5E8CAF6777E7} = {2BF373B8-5D33-4FCF-8C30-5E8CAF6777E7}
	EndProjectSection
EndProject
Project("{FAE04EC0-301F-11D3-BF4B-00C04F79EFBC}") = "Kinovea.Camera.HTTP", "Kinovea.Camera.HTTP\Kinovea.Camera.HTTP.csproj", "{7B8CF26D-B8AF-4914-B395-93661D225EA3}"
	ProjectSection(ProjectDependencies) = postProject
		{2BF373B8-5D33-4FCF-8C30-5E8CAF6777E7} = {2BF373B8-5D33-4FCF-8C30-5E8CAF6777E7}
	EndProjectSection
EndProject
Project("{2150E333-8FDC-42A3-9474-1A3956D46DE8}") = "Video", "Video", "{FDF09E19-B008-4D02-B644-F473FB55BAFA}"
EndProject
Project("{FAE04EC0-301F-11D3-BF4B-00C04F79EFBC}") = "Kinovea.Video.Bitmap", "Kinovea.Video.Bitmap\Kinovea.Video.Bitmap.csproj", "{C0148B9E-A511-4631-A075-AE483D4153A8}"
EndProject
Project("{FAE04EC0-301F-11D3-BF4B-00C04F79EFBC}") = "Kinovea.Video.SVG", "Kinovea.Video.SVG\Kinovea.Video.SVG.csproj", "{2507E203-236D-4B02-8477-5FCBC30A670C}"
EndProject
Project("{FAE04EC0-301F-11D3-BF4B-00C04F79EFBC}") = "Kinovea.Video.GIF", "Kinovea.Video.GIF\Kinovea.Video.GIF.csproj", "{B2F5C3EB-9F9E-4B7A-ACBB-55781E62957C}"
EndProject
Project("{FAE04EC0-301F-11D3-BF4B-00C04F79EFBC}") = "Kinovea", "Kinovea\Kinovea.csproj", "{BEBDDE90-1A14-47F9-9A2D-44B9B45C8502}"
	ProjectSection(ProjectDependencies) = postProject
		{0A577C03-D217-4540-AAB4-D167A85E32C0} = {0A577C03-D217-4540-AAB4-D167A85E32C0}
		{2507E203-236D-4B02-8477-5FCBC30A670C} = {2507E203-236D-4B02-8477-5FCBC30A670C}
		{8AA92254-A016-4A84-925C-F5B07E02F8A8} = {8AA92254-A016-4A84-925C-F5B07E02F8A8}
		{94D6DE5A-B99A-4EED-AF5B-C08746EA568E} = {94D6DE5A-B99A-4EED-AF5B-C08746EA568E}
		{F80DBE6D-D394-4811-B5E6-7528F849C71A} = {F80DBE6D-D394-4811-B5E6-7528F849C71A}
		{7B8CF26D-B8AF-4914-B395-93661D225EA3} = {7B8CF26D-B8AF-4914-B395-93661D225EA3}
		{D978AB6E-FEEB-4AD5-8A2B-A515F0DC166A} = {D978AB6E-FEEB-4AD5-8A2B-A515F0DC166A}
		{6358DC91-456D-41D3-8C73-6EE39C6E3048} = {6358DC91-456D-41D3-8C73-6EE39C6E3048}
		{85924D93-541A-46E6-BF9A-EBE3B73887EC} = {85924D93-541A-46E6-BF9A-EBE3B73887EC}
		{C0148B9E-A511-4631-A075-AE483D4153A8} = {C0148B9E-A511-4631-A075-AE483D4153A8}
		{104B98B4-961D-4ED4-B7C3-7E790065AAED} = {104B98B4-961D-4ED4-B7C3-7E790065AAED}
		{2BF373B8-5D33-4FCF-8C30-5E8CAF6777E7} = {2BF373B8-5D33-4FCF-8C30-5E8CAF6777E7}
		{B2F5C3EB-9F9E-4B7A-ACBB-55781E62957C} = {B2F5C3EB-9F9E-4B7A-ACBB-55781E62957C}
		{25C4B2FB-CA90-4E2E-8046-106FCF36CB81} = {25C4B2FB-CA90-4E2E-8046-106FCF36CB81}
	EndProjectSection
EndProject
Project("{FAE04EC0-301F-11D3-BF4B-00C04F79EFBC}") = "Kinovea.FileBrowser", "Kinovea.FileBrowser\Kinovea.FileBrowser.csproj", "{85924D93-541A-46E6-BF9A-EBE3B73887EC}"
	ProjectSection(ProjectDependencies) = postProject
		{8AA92254-A016-4A84-925C-F5B07E02F8A8} = {8AA92254-A016-4A84-925C-F5B07E02F8A8}
	EndProjectSection
EndProject
Project("{FAE04EC0-301F-11D3-BF4B-00C04F79EFBC}") = "Kinovea.ScreenManager", "Kinovea.ScreenManager\Kinovea.ScreenManager.csproj", "{25C4B2FB-CA90-4E2E-8046-106FCF36CB81}"
EndProject
Project("{FAE04EC0-301F-11D3-BF4B-00C04F79EFBC}") = "Kinovea.Services", "Kinovea.Services\Kinovea.Services.csproj", "{8AA92254-A016-4A84-925C-F5B07E02F8A8}"
EndProject
Project("{FAE04EC0-301F-11D3-BF4B-00C04F79EFBC}") = "Kinovea.Updater", "Kinovea.Updater\Kinovea.Updater.csproj", "{0A577C03-D217-4540-AAB4-D167A85E32C0}"
EndProject
Project("{FAE04EC0-301F-11D3-BF4B-00C04F79EFBC}") = "Kinovea.Video", "Kinovea.Video\Kinovea.Video.csproj", "{4CBB8462-00A7-4814-AD3B-07C82EEEB0DE}"
EndProject
Project("{8BC9CEB8-8B4A-11D0-8D11-00A0C91BC942}") = "Kinovea.Video.FFMpeg", "Kinovea.Video.FFMpeg\PlayerServer\PlayerServer.vcxproj", "{F80DBE6D-D394-4811-B5E6-7528F849C71A}"
EndProject
Project("{FAE04EC0-301F-11D3-BF4B-00C04F79EFBC}") = "Kinovea.Tests", "Kinovea.Tests\Kinovea.Tests.csproj", "{506486BB-5E65-49DF-A84C-EFC058E81E46}"
EndProject
Project("{FAE04EC0-301F-11D3-BF4B-00C04F79EFBC}") = "Kinovea.Video.Synthetic", "Kinovea.Video.Synthetic\Kinovea.Video.Synthetic.csproj", "{94D6DE5A-B99A-4EED-AF5B-C08746EA568E}"
EndProject
Project("{FAE04EC0-301F-11D3-BF4B-00C04F79EFBC}") = "Kinovea.Camera.FrameGenerator", "Kinovea.Camera.FrameGenerator\Kinovea.Camera.FrameGenerator.csproj", "{6358DC91-456D-41D3-8C73-6EE39C6E3048}"
EndProject
Project("{FAE04EC0-301F-11D3-BF4B-00C04F79EFBC}") = "Kinovea.Camera.Basler", "Kinovea.Camera.Basler\Kinovea.Camera.Basler.csproj", "{D978AB6E-FEEB-4AD5-8A2B-A515F0DC166A}"
EndProject
Global
	GlobalSection(SolutionConfigurationPlatforms) = preSolution
		Debug|Any CPU = Debug|Any CPU
		Debug|Mixed Platforms = Debug|Mixed Platforms
		Debug|Win32 = Debug|Win32
		Debug|x86 = Debug|x86
		DebugExternals|Any CPU = DebugExternals|Any CPU
		DebugExternals|Mixed Platforms = DebugExternals|Mixed Platforms
		DebugExternals|Win32 = DebugExternals|Win32
		DebugExternals|x86 = DebugExternals|x86
		Release|Any CPU = Release|Any CPU
		Release|Mixed Platforms = Release|Mixed Platforms
		Release|Win32 = Release|Win32
		Release|x86 = Release|x86
	EndGlobalSection
	GlobalSection(ProjectConfigurationPlatforms) = postSolution
		{2BF373B8-5D33-4FCF-8C30-5E8CAF6777E7}.Debug|Any CPU.ActiveCfg = Debug|x86
		{2BF373B8-5D33-4FCF-8C30-5E8CAF6777E7}.Debug|Mixed Platforms.ActiveCfg = Debug|x86
		{2BF373B8-5D33-4FCF-8C30-5E8CAF6777E7}.Debug|Mixed Platforms.Build.0 = Debug|x86
		{2BF373B8-5D33-4FCF-8C30-5E8CAF6777E7}.Debug|Win32.ActiveCfg = Debug|x86
		{2BF373B8-5D33-4FCF-8C30-5E8CAF6777E7}.Debug|x86.ActiveCfg = Debug|x86
		{2BF373B8-5D33-4FCF-8C30-5E8CAF6777E7}.Debug|x86.Build.0 = Debug|x86
		{2BF373B8-5D33-4FCF-8C30-5E8CAF6777E7}.DebugExternals|Any CPU.ActiveCfg = Debug|x86
		{2BF373B8-5D33-4FCF-8C30-5E8CAF6777E7}.DebugExternals|Mixed Platforms.ActiveCfg = Debug|x86
		{2BF373B8-5D33-4FCF-8C30-5E8CAF6777E7}.DebugExternals|Mixed Platforms.Build.0 = Debug|x86
		{2BF373B8-5D33-4FCF-8C30-5E8CAF6777E7}.DebugExternals|Win32.ActiveCfg = Debug|x86
		{2BF373B8-5D33-4FCF-8C30-5E8CAF6777E7}.DebugExternals|x86.ActiveCfg = Debug|x86
		{2BF373B8-5D33-4FCF-8C30-5E8CAF6777E7}.DebugExternals|x86.Build.0 = Debug|x86
		{2BF373B8-5D33-4FCF-8C30-5E8CAF6777E7}.Release|Any CPU.ActiveCfg = Release|x86
		{2BF373B8-5D33-4FCF-8C30-5E8CAF6777E7}.Release|Mixed Platforms.ActiveCfg = Release|x86
		{2BF373B8-5D33-4FCF-8C30-5E8CAF6777E7}.Release|Mixed Platforms.Build.0 = Release|x86
		{2BF373B8-5D33-4FCF-8C30-5E8CAF6777E7}.Release|Win32.ActiveCfg = Release|x86
		{2BF373B8-5D33-4FCF-8C30-5E8CAF6777E7}.Release|x86.ActiveCfg = Release|x86
		{2BF373B8-5D33-4FCF-8C30-5E8CAF6777E7}.Release|x86.Build.0 = Release|x86
		{104B98B4-961D-4ED4-B7C3-7E790065AAED}.Debug|Any CPU.ActiveCfg = Debug|x86
		{104B98B4-961D-4ED4-B7C3-7E790065AAED}.Debug|Mixed Platforms.ActiveCfg = Debug|x86
		{104B98B4-961D-4ED4-B7C3-7E790065AAED}.Debug|Mixed Platforms.Build.0 = Debug|x86
		{104B98B4-961D-4ED4-B7C3-7E790065AAED}.Debug|Win32.ActiveCfg = Debug|x86
		{104B98B4-961D-4ED4-B7C3-7E790065AAED}.Debug|x86.ActiveCfg = Debug|x86
		{104B98B4-961D-4ED4-B7C3-7E790065AAED}.Debug|x86.Build.0 = Debug|x86
		{104B98B4-961D-4ED4-B7C3-7E790065AAED}.DebugExternals|Any CPU.ActiveCfg = Debug|x86
		{104B98B4-961D-4ED4-B7C3-7E790065AAED}.DebugExternals|Mixed Platforms.ActiveCfg = Debug|x86
		{104B98B4-961D-4ED4-B7C3-7E790065AAED}.DebugExternals|Mixed Platforms.Build.0 = Debug|x86
		{104B98B4-961D-4ED4-B7C3-7E790065AAED}.DebugExternals|Win32.ActiveCfg = Debug|x86
		{104B98B4-961D-4ED4-B7C3-7E790065AAED}.DebugExternals|x86.ActiveCfg = Debug|x86
		{104B98B4-961D-4ED4-B7C3-7E790065AAED}.DebugExternals|x86.Build.0 = Debug|x86
		{104B98B4-961D-4ED4-B7C3-7E790065AAED}.Release|Any CPU.ActiveCfg = Release|x86
		{104B98B4-961D-4ED4-B7C3-7E790065AAED}.Release|Mixed Platforms.ActiveCfg = Release|x86
		{104B98B4-961D-4ED4-B7C3-7E790065AAED}.Release|Mixed Platforms.Build.0 = Release|x86
		{104B98B4-961D-4ED4-B7C3-7E790065AAED}.Release|Win32.ActiveCfg = Release|x86
		{104B98B4-961D-4ED4-B7C3-7E790065AAED}.Release|x86.ActiveCfg = Release|x86
		{104B98B4-961D-4ED4-B7C3-7E790065AAED}.Release|x86.Build.0 = Release|x86
		{7B8CF26D-B8AF-4914-B395-93661D225EA3}.Debug|Any CPU.ActiveCfg = Debug|x86
		{7B8CF26D-B8AF-4914-B395-93661D225EA3}.Debug|Mixed Platforms.ActiveCfg = Debug|x86
		{7B8CF26D-B8AF-4914-B395-93661D225EA3}.Debug|Mixed Platforms.Build.0 = Debug|x86
		{7B8CF26D-B8AF-4914-B395-93661D225EA3}.Debug|Win32.ActiveCfg = Debug|x86
		{7B8CF26D-B8AF-4914-B395-93661D225EA3}.Debug|x86.ActiveCfg = Debug|x86
		{7B8CF26D-B8AF-4914-B395-93661D225EA3}.Debug|x86.Build.0 = Debug|x86
		{7B8CF26D-B8AF-4914-B395-93661D225EA3}.DebugExternals|Any CPU.ActiveCfg = Debug|x86
		{7B8CF26D-B8AF-4914-B395-93661D225EA3}.DebugExternals|Mixed Platforms.ActiveCfg = Debug|x86
		{7B8CF26D-B8AF-4914-B395-93661D225EA3}.DebugExternals|Mixed Platforms.Build.0 = Debug|x86
		{7B8CF26D-B8AF-4914-B395-93661D225EA3}.DebugExternals|Win32.ActiveCfg = Debug|x86
		{7B8CF26D-B8AF-4914-B395-93661D225EA3}.DebugExternals|x86.ActiveCfg = Debug|x86
		{7B8CF26D-B8AF-4914-B395-93661D225EA3}.DebugExternals|x86.Build.0 = Debug|x86
		{7B8CF26D-B8AF-4914-B395-93661D225EA3}.Release|Any CPU.ActiveCfg = Release|x86
		{7B8CF26D-B8AF-4914-B395-93661D225EA3}.Release|Mixed Platforms.ActiveCfg = Release|x86
		{7B8CF26D-B8AF-4914-B395-93661D225EA3}.Release|Mixed Platforms.Build.0 = Release|x86
		{7B8CF26D-B8AF-4914-B395-93661D225EA3}.Release|Win32.ActiveCfg = Release|x86
		{7B8CF26D-B8AF-4914-B395-93661D225EA3}.Release|x86.ActiveCfg = Release|x86
		{7B8CF26D-B8AF-4914-B395-93661D225EA3}.Release|x86.Build.0 = Release|x86
		{C0148B9E-A511-4631-A075-AE483D4153A8}.Debug|Any CPU.ActiveCfg = Debug|Any CPU
		{C0148B9E-A511-4631-A075-AE483D4153A8}.Debug|Any CPU.Build.0 = Debug|Any CPU
		{C0148B9E-A511-4631-A075-AE483D4153A8}.Debug|Mixed Platforms.ActiveCfg = Debug|x86
		{C0148B9E-A511-4631-A075-AE483D4153A8}.Debug|Mixed Platforms.Build.0 = Debug|x86
		{C0148B9E-A511-4631-A075-AE483D4153A8}.Debug|Win32.ActiveCfg = Debug|Any CPU
		{C0148B9E-A511-4631-A075-AE483D4153A8}.Debug|x86.ActiveCfg = Debug|x86
		{C0148B9E-A511-4631-A075-AE483D4153A8}.Debug|x86.Build.0 = Debug|x86
		{C0148B9E-A511-4631-A075-AE483D4153A8}.DebugExternals|Any CPU.ActiveCfg = Debug|Any CPU
		{C0148B9E-A511-4631-A075-AE483D4153A8}.DebugExternals|Any CPU.Build.0 = Debug|Any CPU
		{C0148B9E-A511-4631-A075-AE483D4153A8}.DebugExternals|Mixed Platforms.ActiveCfg = Debug|Any CPU
		{C0148B9E-A511-4631-A075-AE483D4153A8}.DebugExternals|Mixed Platforms.Build.0 = Debug|Any CPU
		{C0148B9E-A511-4631-A075-AE483D4153A8}.DebugExternals|Win32.ActiveCfg = Debug|Any CPU
		{C0148B9E-A511-4631-A075-AE483D4153A8}.DebugExternals|x86.ActiveCfg = Debug|Any CPU
		{C0148B9E-A511-4631-A075-AE483D4153A8}.Release|Any CPU.ActiveCfg = Release|Any CPU
		{C0148B9E-A511-4631-A075-AE483D4153A8}.Release|Any CPU.Build.0 = Release|Any CPU
		{C0148B9E-A511-4631-A075-AE483D4153A8}.Release|Mixed Platforms.ActiveCfg = Release|x86
		{C0148B9E-A511-4631-A075-AE483D4153A8}.Release|Mixed Platforms.Build.0 = Release|x86
		{C0148B9E-A511-4631-A075-AE483D4153A8}.Release|Win32.ActiveCfg = Release|Any CPU
		{C0148B9E-A511-4631-A075-AE483D4153A8}.Release|x86.ActiveCfg = Release|x86
		{C0148B9E-A511-4631-A075-AE483D4153A8}.Release|x86.Build.0 = Release|x86
		{2507E203-236D-4B02-8477-5FCBC30A670C}.Debug|Any CPU.ActiveCfg = Debug|x86
		{2507E203-236D-4B02-8477-5FCBC30A670C}.Debug|Mixed Platforms.ActiveCfg = Debug|x86
		{2507E203-236D-4B02-8477-5FCBC30A670C}.Debug|Mixed Platforms.Build.0 = Debug|x86
		{2507E203-236D-4B02-8477-5FCBC30A670C}.Debug|Win32.ActiveCfg = Debug|x86
		{2507E203-236D-4B02-8477-5FCBC30A670C}.Debug|x86.ActiveCfg = Debug|x86
		{2507E203-236D-4B02-8477-5FCBC30A670C}.Debug|x86.Build.0 = Debug|x86
		{2507E203-236D-4B02-8477-5FCBC30A670C}.DebugExternals|Any CPU.ActiveCfg = Debug|x86
		{2507E203-236D-4B02-8477-5FCBC30A670C}.DebugExternals|Mixed Platforms.ActiveCfg = Debug|x86
		{2507E203-236D-4B02-8477-5FCBC30A670C}.DebugExternals|Mixed Platforms.Build.0 = Debug|x86
		{2507E203-236D-4B02-8477-5FCBC30A670C}.DebugExternals|Win32.ActiveCfg = Debug|x86
		{2507E203-236D-4B02-8477-5FCBC30A670C}.DebugExternals|x86.ActiveCfg = Debug|x86
		{2507E203-236D-4B02-8477-5FCBC30A670C}.DebugExternals|x86.Build.0 = Debug|x86
		{2507E203-236D-4B02-8477-5FCBC30A670C}.Release|Any CPU.ActiveCfg = Release|x86
		{2507E203-236D-4B02-8477-5FCBC30A670C}.Release|Mixed Platforms.ActiveCfg = Release|x86
		{2507E203-236D-4B02-8477-5FCBC30A670C}.Release|Mixed Platforms.Build.0 = Release|x86
		{2507E203-236D-4B02-8477-5FCBC30A670C}.Release|Win32.ActiveCfg = Release|x86
		{2507E203-236D-4B02-8477-5FCBC30A670C}.Release|x86.ActiveCfg = Release|x86
		{2507E203-236D-4B02-8477-5FCBC30A670C}.Release|x86.Build.0 = Release|x86
		{B2F5C3EB-9F9E-4B7A-ACBB-55781E62957C}.Debug|Any CPU.ActiveCfg = Debug|Any CPU
		{B2F5C3EB-9F9E-4B7A-ACBB-55781E62957C}.Debug|Any CPU.Build.0 = Debug|Any CPU
		{B2F5C3EB-9F9E-4B7A-ACBB-55781E62957C}.Debug|Mixed Platforms.ActiveCfg = Debug|x86
		{B2F5C3EB-9F9E-4B7A-ACBB-55781E62957C}.Debug|Mixed Platforms.Build.0 = Debug|x86
		{B2F5C3EB-9F9E-4B7A-ACBB-55781E62957C}.Debug|Win32.ActiveCfg = Debug|Any CPU
		{B2F5C3EB-9F9E-4B7A-ACBB-55781E62957C}.Debug|x86.ActiveCfg = Debug|x86
		{B2F5C3EB-9F9E-4B7A-ACBB-55781E62957C}.Debug|x86.Build.0 = Debug|x86
		{B2F5C3EB-9F9E-4B7A-ACBB-55781E62957C}.DebugExternals|Any CPU.ActiveCfg = Debug|Any CPU
		{B2F5C3EB-9F9E-4B7A-ACBB-55781E62957C}.DebugExternals|Any CPU.Build.0 = Debug|Any CPU
		{B2F5C3EB-9F9E-4B7A-ACBB-55781E62957C}.DebugExternals|Mixed Platforms.ActiveCfg = Debug|Any CPU
		{B2F5C3EB-9F9E-4B7A-ACBB-55781E62957C}.DebugExternals|Mixed Platforms.Build.0 = Debug|Any CPU
		{B2F5C3EB-9F9E-4B7A-ACBB-55781E62957C}.DebugExternals|Win32.ActiveCfg = Debug|Any CPU
		{B2F5C3EB-9F9E-4B7A-ACBB-55781E62957C}.DebugExternals|x86.ActiveCfg = Debug|Any CPU
		{B2F5C3EB-9F9E-4B7A-ACBB-55781E62957C}.Release|Any CPU.ActiveCfg = Release|Any CPU
		{B2F5C3EB-9F9E-4B7A-ACBB-55781E62957C}.Release|Any CPU.Build.0 = Release|Any CPU
		{B2F5C3EB-9F9E-4B7A-ACBB-55781E62957C}.Release|Mixed Platforms.ActiveCfg = Release|x86
		{B2F5C3EB-9F9E-4B7A-ACBB-55781E62957C}.Release|Mixed Platforms.Build.0 = Release|x86
		{B2F5C3EB-9F9E-4B7A-ACBB-55781E62957C}.Release|Win32.ActiveCfg = Release|Any CPU
		{B2F5C3EB-9F9E-4B7A-ACBB-55781E62957C}.Release|x86.ActiveCfg = Release|x86
		{B2F5C3EB-9F9E-4B7A-ACBB-55781E62957C}.Release|x86.Build.0 = Release|x86
		{BEBDDE90-1A14-47F9-9A2D-44B9B45C8502}.Debug|Any CPU.ActiveCfg = Debug|Any CPU
		{BEBDDE90-1A14-47F9-9A2D-44B9B45C8502}.Debug|Any CPU.Build.0 = Debug|Any CPU
		{BEBDDE90-1A14-47F9-9A2D-44B9B45C8502}.Debug|Mixed Platforms.ActiveCfg = Debug|x86
		{BEBDDE90-1A14-47F9-9A2D-44B9B45C8502}.Debug|Mixed Platforms.Build.0 = Debug|x86
		{BEBDDE90-1A14-47F9-9A2D-44B9B45C8502}.Debug|Win32.ActiveCfg = Debug|x86
		{BEBDDE90-1A14-47F9-9A2D-44B9B45C8502}.Debug|x86.ActiveCfg = Debug|x86
		{BEBDDE90-1A14-47F9-9A2D-44B9B45C8502}.Debug|x86.Build.0 = Debug|x86
		{BEBDDE90-1A14-47F9-9A2D-44B9B45C8502}.DebugExternals|Any CPU.ActiveCfg = DebugExternals|Any CPU
		{BEBDDE90-1A14-47F9-9A2D-44B9B45C8502}.DebugExternals|Any CPU.Build.0 = DebugExternals|Any CPU
		{BEBDDE90-1A14-47F9-9A2D-44B9B45C8502}.DebugExternals|Mixed Platforms.ActiveCfg = DebugExternals|x86
		{BEBDDE90-1A14-47F9-9A2D-44B9B45C8502}.DebugExternals|Mixed Platforms.Build.0 = DebugExternals|x86
		{BEBDDE90-1A14-47F9-9A2D-44B9B45C8502}.DebugExternals|Win32.ActiveCfg = DebugExternals|x86
		{BEBDDE90-1A14-47F9-9A2D-44B9B45C8502}.DebugExternals|x86.ActiveCfg = DebugExternals|x86
		{BEBDDE90-1A14-47F9-9A2D-44B9B45C8502}.DebugExternals|x86.Build.0 = DebugExternals|x86
		{BEBDDE90-1A14-47F9-9A2D-44B9B45C8502}.Release|Any CPU.ActiveCfg = Release|Any CPU
		{BEBDDE90-1A14-47F9-9A2D-44B9B45C8502}.Release|Any CPU.Build.0 = Release|Any CPU
		{BEBDDE90-1A14-47F9-9A2D-44B9B45C8502}.Release|Mixed Platforms.ActiveCfg = Release|x86
		{BEBDDE90-1A14-47F9-9A2D-44B9B45C8502}.Release|Mixed Platforms.Build.0 = Release|x86
		{BEBDDE90-1A14-47F9-9A2D-44B9B45C8502}.Release|Win32.ActiveCfg = Release|x86
		{BEBDDE90-1A14-47F9-9A2D-44B9B45C8502}.Release|x86.ActiveCfg = Release|x86
		{BEBDDE90-1A14-47F9-9A2D-44B9B45C8502}.Release|x86.Build.0 = Release|x86
		{85924D93-541A-46E6-BF9A-EBE3B73887EC}.Debug|Any CPU.ActiveCfg = Debug|Any CPU
		{85924D93-541A-46E6-BF9A-EBE3B73887EC}.Debug|Any CPU.Build.0 = Debug|Any CPU
		{85924D93-541A-46E6-BF9A-EBE3B73887EC}.Debug|Mixed Platforms.ActiveCfg = Debug|x86
		{85924D93-541A-46E6-BF9A-EBE3B73887EC}.Debug|Mixed Platforms.Build.0 = Debug|x86
		{85924D93-541A-46E6-BF9A-EBE3B73887EC}.Debug|Win32.ActiveCfg = Debug|x86
		{85924D93-541A-46E6-BF9A-EBE3B73887EC}.Debug|x86.ActiveCfg = Debug|x86
		{85924D93-541A-46E6-BF9A-EBE3B73887EC}.Debug|x86.Build.0 = Debug|x86
		{85924D93-541A-46E6-BF9A-EBE3B73887EC}.DebugExternals|Any CPU.ActiveCfg = DebugExternals|Any CPU
		{85924D93-541A-46E6-BF9A-EBE3B73887EC}.DebugExternals|Any CPU.Build.0 = DebugExternals|Any CPU
		{85924D93-541A-46E6-BF9A-EBE3B73887EC}.DebugExternals|Mixed Platforms.ActiveCfg = DebugExternals|x86
		{85924D93-541A-46E6-BF9A-EBE3B73887EC}.DebugExternals|Mixed Platforms.Build.0 = DebugExternals|x86
		{85924D93-541A-46E6-BF9A-EBE3B73887EC}.DebugExternals|Win32.ActiveCfg = DebugExternals|x86
		{85924D93-541A-46E6-BF9A-EBE3B73887EC}.DebugExternals|x86.ActiveCfg = DebugExternals|x86
		{85924D93-541A-46E6-BF9A-EBE3B73887EC}.DebugExternals|x86.Build.0 = DebugExternals|x86
		{85924D93-541A-46E6-BF9A-EBE3B73887EC}.Release|Any CPU.ActiveCfg = Release|Any CPU
		{85924D93-541A-46E6-BF9A-EBE3B73887EC}.Release|Any CPU.Build.0 = Release|Any CPU
		{85924D93-541A-46E6-BF9A-EBE3B73887EC}.Release|Mixed Platforms.ActiveCfg = Release|x86
		{85924D93-541A-46E6-BF9A-EBE3B73887EC}.Release|Mixed Platforms.Build.0 = Release|x86
		{85924D93-541A-46E6-BF9A-EBE3B73887EC}.Release|Win32.ActiveCfg = Release|x86
		{85924D93-541A-46E6-BF9A-EBE3B73887EC}.Release|x86.ActiveCfg = Release|x86
		{85924D93-541A-46E6-BF9A-EBE3B73887EC}.Release|x86.Build.0 = Release|x86
		{25C4B2FB-CA90-4E2E-8046-106FCF36CB81}.Debug|Any CPU.ActiveCfg = Debug|Any CPU
		{25C4B2FB-CA90-4E2E-8046-106FCF36CB81}.Debug|Any CPU.Build.0 = Debug|Any CPU
		{25C4B2FB-CA90-4E2E-8046-106FCF36CB81}.Debug|Mixed Platforms.ActiveCfg = Debug|x86
		{25C4B2FB-CA90-4E2E-8046-106FCF36CB81}.Debug|Mixed Platforms.Build.0 = Debug|x86
		{25C4B2FB-CA90-4E2E-8046-106FCF36CB81}.Debug|Win32.ActiveCfg = Debug|x86
		{25C4B2FB-CA90-4E2E-8046-106FCF36CB81}.Debug|x86.ActiveCfg = Debug|x86
		{25C4B2FB-CA90-4E2E-8046-106FCF36CB81}.Debug|x86.Build.0 = Debug|x86
		{25C4B2FB-CA90-4E2E-8046-106FCF36CB81}.DebugExternals|Any CPU.ActiveCfg = DebugExternals|Any CPU
		{25C4B2FB-CA90-4E2E-8046-106FCF36CB81}.DebugExternals|Any CPU.Build.0 = DebugExternals|Any CPU
		{25C4B2FB-CA90-4E2E-8046-106FCF36CB81}.DebugExternals|Mixed Platforms.ActiveCfg = DebugExternals|x86
		{25C4B2FB-CA90-4E2E-8046-106FCF36CB81}.DebugExternals|Mixed Platforms.Build.0 = DebugExternals|x86
		{25C4B2FB-CA90-4E2E-8046-106FCF36CB81}.DebugExternals|Win32.ActiveCfg = DebugExternals|x86
		{25C4B2FB-CA90-4E2E-8046-106FCF36CB81}.DebugExternals|x86.ActiveCfg = DebugExternals|x86
		{25C4B2FB-CA90-4E2E-8046-106FCF36CB81}.DebugExternals|x86.Build.0 = DebugExternals|x86
		{25C4B2FB-CA90-4E2E-8046-106FCF36CB81}.Release|Any CPU.ActiveCfg = Release|Any CPU
		{25C4B2FB-CA90-4E2E-8046-106FCF36CB81}.Release|Any CPU.Build.0 = Release|Any CPU
		{25C4B2FB-CA90-4E2E-8046-106FCF36CB81}.Release|Mixed Platforms.ActiveCfg = Release|x86
		{25C4B2FB-CA90-4E2E-8046-106FCF36CB81}.Release|Mixed Platforms.Build.0 = Release|x86
		{25C4B2FB-CA90-4E2E-8046-106FCF36CB81}.Release|Win32.ActiveCfg = Release|x86
		{25C4B2FB-CA90-4E2E-8046-106FCF36CB81}.Release|x86.ActiveCfg = Release|x86
		{25C4B2FB-CA90-4E2E-8046-106FCF36CB81}.Release|x86.Build.0 = Release|x86
		{8AA92254-A016-4A84-925C-F5B07E02F8A8}.Debug|Any CPU.ActiveCfg = Debug|Any CPU
		{8AA92254-A016-4A84-925C-F5B07E02F8A8}.Debug|Any CPU.Build.0 = Debug|Any CPU
		{8AA92254-A016-4A84-925C-F5B07E02F8A8}.Debug|Mixed Platforms.ActiveCfg = Debug|x86
		{8AA92254-A016-4A84-925C-F5B07E02F8A8}.Debug|Mixed Platforms.Build.0 = Debug|x86
		{8AA92254-A016-4A84-925C-F5B07E02F8A8}.Debug|Win32.ActiveCfg = Debug|x86
		{8AA92254-A016-4A84-925C-F5B07E02F8A8}.Debug|x86.ActiveCfg = Debug|x86
		{8AA92254-A016-4A84-925C-F5B07E02F8A8}.Debug|x86.Build.0 = Debug|x86
		{8AA92254-A016-4A84-925C-F5B07E02F8A8}.DebugExternals|Any CPU.ActiveCfg = DebugExternals|Any CPU
		{8AA92254-A016-4A84-925C-F5B07E02F8A8}.DebugExternals|Any CPU.Build.0 = DebugExternals|Any CPU
		{8AA92254-A016-4A84-925C-F5B07E02F8A8}.DebugExternals|Mixed Platforms.ActiveCfg = DebugExternals|x86
		{8AA92254-A016-4A84-925C-F5B07E02F8A8}.DebugExternals|Mixed Platforms.Build.0 = DebugExternals|x86
		{8AA92254-A016-4A84-925C-F5B07E02F8A8}.DebugExternals|Win32.ActiveCfg = DebugExternals|x86
		{8AA92254-A016-4A84-925C-F5B07E02F8A8}.DebugExternals|x86.ActiveCfg = DebugExternals|x86
		{8AA92254-A016-4A84-925C-F5B07E02F8A8}.DebugExternals|x86.Build.0 = DebugExternals|x86
		{8AA92254-A016-4A84-925C-F5B07E02F8A8}.Release|Any CPU.ActiveCfg = Release|Any CPU
		{8AA92254-A016-4A84-925C-F5B07E02F8A8}.Release|Any CPU.Build.0 = Release|Any CPU
		{8AA92254-A016-4A84-925C-F5B07E02F8A8}.Release|Mixed Platforms.ActiveCfg = Release|x86
		{8AA92254-A016-4A84-925C-F5B07E02F8A8}.Release|Mixed Platforms.Build.0 = Release|x86
		{8AA92254-A016-4A84-925C-F5B07E02F8A8}.Release|Win32.ActiveCfg = Release|x86
		{8AA92254-A016-4A84-925C-F5B07E02F8A8}.Release|x86.ActiveCfg = Release|x86
		{8AA92254-A016-4A84-925C-F5B07E02F8A8}.Release|x86.Build.0 = Release|x86
		{0A577C03-D217-4540-AAB4-D167A85E32C0}.Debug|Any CPU.ActiveCfg = Debug|Any CPU
		{0A577C03-D217-4540-AAB4-D167A85E32C0}.Debug|Any CPU.Build.0 = Debug|Any CPU
		{0A577C03-D217-4540-AAB4-D167A85E32C0}.Debug|Mixed Platforms.ActiveCfg = Debug|x86
		{0A577C03-D217-4540-AAB4-D167A85E32C0}.Debug|Mixed Platforms.Build.0 = Debug|x86
		{0A577C03-D217-4540-AAB4-D167A85E32C0}.Debug|Win32.ActiveCfg = Debug|x86
		{0A577C03-D217-4540-AAB4-D167A85E32C0}.Debug|x86.ActiveCfg = Debug|x86
		{0A577C03-D217-4540-AAB4-D167A85E32C0}.Debug|x86.Build.0 = Debug|x86
		{0A577C03-D217-4540-AAB4-D167A85E32C0}.DebugExternals|Any CPU.ActiveCfg = DebugExternals|Any CPU
		{0A577C03-D217-4540-AAB4-D167A85E32C0}.DebugExternals|Any CPU.Build.0 = DebugExternals|Any CPU
		{0A577C03-D217-4540-AAB4-D167A85E32C0}.DebugExternals|Mixed Platforms.ActiveCfg = DebugExternals|x86
		{0A577C03-D217-4540-AAB4-D167A85E32C0}.DebugExternals|Mixed Platforms.Build.0 = DebugExternals|x86
		{0A577C03-D217-4540-AAB4-D167A85E32C0}.DebugExternals|Win32.ActiveCfg = DebugExternals|x86
		{0A577C03-D217-4540-AAB4-D167A85E32C0}.DebugExternals|x86.ActiveCfg = DebugExternals|x86
		{0A577C03-D217-4540-AAB4-D167A85E32C0}.DebugExternals|x86.Build.0 = DebugExternals|x86
		{0A577C03-D217-4540-AAB4-D167A85E32C0}.Release|Any CPU.ActiveCfg = Release|Any CPU
		{0A577C03-D217-4540-AAB4-D167A85E32C0}.Release|Any CPU.Build.0 = Release|Any CPU
		{0A577C03-D217-4540-AAB4-D167A85E32C0}.Release|Mixed Platforms.ActiveCfg = Release|x86
		{0A577C03-D217-4540-AAB4-D167A85E32C0}.Release|Mixed Platforms.Build.0 = Release|x86
		{0A577C03-D217-4540-AAB4-D167A85E32C0}.Release|Win32.ActiveCfg = Release|x86
		{0A577C03-D217-4540-AAB4-D167A85E32C0}.Release|x86.ActiveCfg = Release|x86
		{0A577C03-D217-4540-AAB4-D167A85E32C0}.Release|x86.Build.0 = Release|x86
		{4CBB8462-00A7-4814-AD3B-07C82EEEB0DE}.Debug|Any CPU.ActiveCfg = Debug|x86
		{4CBB8462-00A7-4814-AD3B-07C82EEEB0DE}.Debug|Mixed Platforms.ActiveCfg = Debug|x86
		{4CBB8462-00A7-4814-AD3B-07C82EEEB0DE}.Debug|Mixed Platforms.Build.0 = Debug|x86
		{4CBB8462-00A7-4814-AD3B-07C82EEEB0DE}.Debug|Win32.ActiveCfg = Debug|x86
		{4CBB8462-00A7-4814-AD3B-07C82EEEB0DE}.Debug|x86.ActiveCfg = Debug|x86
		{4CBB8462-00A7-4814-AD3B-07C82EEEB0DE}.Debug|x86.Build.0 = Debug|x86
		{4CBB8462-00A7-4814-AD3B-07C82EEEB0DE}.DebugExternals|Any CPU.ActiveCfg = DebugExternals|x86
		{4CBB8462-00A7-4814-AD3B-07C82EEEB0DE}.DebugExternals|Mixed Platforms.ActiveCfg = DebugExternals|x86
		{4CBB8462-00A7-4814-AD3B-07C82EEEB0DE}.DebugExternals|Mixed Platforms.Build.0 = DebugExternals|x86
		{4CBB8462-00A7-4814-AD3B-07C82EEEB0DE}.DebugExternals|Win32.ActiveCfg = DebugExternals|x86
		{4CBB8462-00A7-4814-AD3B-07C82EEEB0DE}.DebugExternals|x86.ActiveCfg = DebugExternals|x86
		{4CBB8462-00A7-4814-AD3B-07C82EEEB0DE}.DebugExternals|x86.Build.0 = DebugExternals|x86
		{4CBB8462-00A7-4814-AD3B-07C82EEEB0DE}.Release|Any CPU.ActiveCfg = Release|x86
		{4CBB8462-00A7-4814-AD3B-07C82EEEB0DE}.Release|Mixed Platforms.ActiveCfg = Release|x86
		{4CBB8462-00A7-4814-AD3B-07C82EEEB0DE}.Release|Mixed Platforms.Build.0 = Release|x86
		{4CBB8462-00A7-4814-AD3B-07C82EEEB0DE}.Release|Win32.ActiveCfg = Release|x86
		{4CBB8462-00A7-4814-AD3B-07C82EEEB0DE}.Release|x86.ActiveCfg = Release|x86
		{4CBB8462-00A7-4814-AD3B-07C82EEEB0DE}.Release|x86.Build.0 = Release|x86
		{F80DBE6D-D394-4811-B5E6-7528F849C71A}.Debug|Any CPU.ActiveCfg = Debug|Win32
		{F80DBE6D-D394-4811-B5E6-7528F849C71A}.Debug|Mixed Platforms.ActiveCfg = Debug|Win32
		{F80DBE6D-D394-4811-B5E6-7528F849C71A}.Debug|Mixed Platforms.Build.0 = Debug|Win32
		{F80DBE6D-D394-4811-B5E6-7528F849C71A}.Debug|Win32.ActiveCfg = Debug|Win32
		{F80DBE6D-D394-4811-B5E6-7528F849C71A}.Debug|Win32.Build.0 = Debug|Win32
		{F80DBE6D-D394-4811-B5E6-7528F849C71A}.Debug|x86.ActiveCfg = Debug|Win32
		{F80DBE6D-D394-4811-B5E6-7528F849C71A}.Debug|x86.Build.0 = Debug|Win32
		{F80DBE6D-D394-4811-B5E6-7528F849C71A}.DebugExternals|Any CPU.ActiveCfg = Debug|Win32
		{F80DBE6D-D394-4811-B5E6-7528F849C71A}.DebugExternals|Mixed Platforms.ActiveCfg = Debug|Win32
		{F80DBE6D-D394-4811-B5E6-7528F849C71A}.DebugExternals|Mixed Platforms.Build.0 = Debug|Win32
		{F80DBE6D-D394-4811-B5E6-7528F849C71A}.DebugExternals|Win32.ActiveCfg = Debug|Win32
		{F80DBE6D-D394-4811-B5E6-7528F849C71A}.DebugExternals|Win32.Build.0 = Debug|Win32
		{F80DBE6D-D394-4811-B5E6-7528F849C71A}.DebugExternals|x86.ActiveCfg = Debug|Win32
		{F80DBE6D-D394-4811-B5E6-7528F849C71A}.Release|Any CPU.ActiveCfg = Release|Win32
		{F80DBE6D-D394-4811-B5E6-7528F849C71A}.Release|Mixed Platforms.ActiveCfg = Release|Win32
		{F80DBE6D-D394-4811-B5E6-7528F849C71A}.Release|Mixed Platforms.Build.0 = Release|Win32
		{F80DBE6D-D394-4811-B5E6-7528F849C71A}.Release|Win32.ActiveCfg = Release|Win32
		{F80DBE6D-D394-4811-B5E6-7528F849C71A}.Release|Win32.Build.0 = Release|Win32
		{F80DBE6D-D394-4811-B5E6-7528F849C71A}.Release|x86.ActiveCfg = Release|Win32
		{F80DBE6D-D394-4811-B5E6-7528F849C71A}.Release|x86.Build.0 = Release|Win32
		{506486BB-5E65-49DF-A84C-EFC058E81E46}.Debug|Any CPU.ActiveCfg = Debug|x86
		{506486BB-5E65-49DF-A84C-EFC058E81E46}.Debug|Mixed Platforms.ActiveCfg = Debug|x86
		{506486BB-5E65-49DF-A84C-EFC058E81E46}.Debug|Mixed Platforms.Build.0 = Debug|x86
		{506486BB-5E65-49DF-A84C-EFC058E81E46}.Debug|Win32.ActiveCfg = Debug|x86
		{506486BB-5E65-49DF-A84C-EFC058E81E46}.Debug|x86.ActiveCfg = Debug|x86
		{506486BB-5E65-49DF-A84C-EFC058E81E46}.Debug|x86.Build.0 = Debug|x86
		{506486BB-5E65-49DF-A84C-EFC058E81E46}.DebugExternals|Any CPU.ActiveCfg = Debug|x86
		{506486BB-5E65-49DF-A84C-EFC058E81E46}.DebugExternals|Mixed Platforms.ActiveCfg = Debug|x86
		{506486BB-5E65-49DF-A84C-EFC058E81E46}.DebugExternals|Mixed Platforms.Build.0 = Debug|x86
		{506486BB-5E65-49DF-A84C-EFC058E81E46}.DebugExternals|Win32.ActiveCfg = Debug|x86
		{506486BB-5E65-49DF-A84C-EFC058E81E46}.DebugExternals|x86.ActiveCfg = Debug|x86
		{506486BB-5E65-49DF-A84C-EFC058E81E46}.DebugExternals|x86.Build.0 = Debug|x86
		{506486BB-5E65-49DF-A84C-EFC058E81E46}.Release|Any CPU.ActiveCfg = Release|x86
		{506486BB-5E65-49DF-A84C-EFC058E81E46}.Release|Mixed Platforms.ActiveCfg = Release|x86
		{506486BB-5E65-49DF-A84C-EFC058E81E46}.Release|Mixed Platforms.Build.0 = Release|x86
		{506486BB-5E65-49DF-A84C-EFC058E81E46}.Release|Win32.ActiveCfg = Release|x86
		{506486BB-5E65-49DF-A84C-EFC058E81E46}.Release|x86.ActiveCfg = Release|x86
		{506486BB-5E65-49DF-A84C-EFC058E81E46}.Release|x86.Build.0 = Release|x86
		{94D6DE5A-B99A-4EED-AF5B-C08746EA568E}.Debug|Any CPU.ActiveCfg = Debug|x86
		{94D6DE5A-B99A-4EED-AF5B-C08746EA568E}.Debug|Mixed Platforms.ActiveCfg = Debug|x86
		{94D6DE5A-B99A-4EED-AF5B-C08746EA568E}.Debug|Mixed Platforms.Build.0 = Debug|x86
		{94D6DE5A-B99A-4EED-AF5B-C08746EA568E}.Debug|Win32.ActiveCfg = Debug|x86
		{94D6DE5A-B99A-4EED-AF5B-C08746EA568E}.Debug|x86.ActiveCfg = Debug|x86
		{94D6DE5A-B99A-4EED-AF5B-C08746EA568E}.Debug|x86.Build.0 = Debug|x86
		{94D6DE5A-B99A-4EED-AF5B-C08746EA568E}.DebugExternals|Any CPU.ActiveCfg = Debug|x86
		{94D6DE5A-B99A-4EED-AF5B-C08746EA568E}.DebugExternals|Mixed Platforms.ActiveCfg = Debug|x86
		{94D6DE5A-B99A-4EED-AF5B-C08746EA568E}.DebugExternals|Mixed Platforms.Build.0 = Debug|x86
		{94D6DE5A-B99A-4EED-AF5B-C08746EA568E}.DebugExternals|Win32.ActiveCfg = Debug|x86
		{94D6DE5A-B99A-4EED-AF5B-C08746EA568E}.DebugExternals|x86.ActiveCfg = Debug|x86
		{94D6DE5A-B99A-4EED-AF5B-C08746EA568E}.DebugExternals|x86.Build.0 = Debug|x86
		{94D6DE5A-B99A-4EED-AF5B-C08746EA568E}.Release|Any CPU.ActiveCfg = Release|x86
		{94D6DE5A-B99A-4EED-AF5B-C08746EA568E}.Release|Mixed Platforms.ActiveCfg = Release|x86
		{94D6DE5A-B99A-4EED-AF5B-C08746EA568E}.Release|Mixed Platforms.Build.0 = Release|x86
		{94D6DE5A-B99A-4EED-AF5B-C08746EA568E}.Release|Win32.ActiveCfg = Release|x86
		{94D6DE5A-B99A-4EED-AF5B-C08746EA568E}.Release|x86.ActiveCfg = Release|x86
		{94D6DE5A-B99A-4EED-AF5B-C08746EA568E}.Release|x86.Build.0 = Release|x86
		{6358DC91-456D-41D3-8C73-6EE39C6E3048}.Debug|Any CPU.ActiveCfg = Debug|Any CPU
		{6358DC91-456D-41D3-8C73-6EE39C6E3048}.Debug|Any CPU.Build.0 = Debug|Any CPU
		{6358DC91-456D-41D3-8C73-6EE39C6E3048}.Debug|Mixed Platforms.ActiveCfg = Debug|x86
		{6358DC91-456D-41D3-8C73-6EE39C6E3048}.Debug|Mixed Platforms.Build.0 = Debug|x86
		{6358DC91-456D-41D3-8C73-6EE39C6E3048}.Debug|Win32.ActiveCfg = Debug|Any CPU
		{6358DC91-456D-41D3-8C73-6EE39C6E3048}.Debug|x86.ActiveCfg = Debug|x86
		{6358DC91-456D-41D3-8C73-6EE39C6E3048}.Debug|x86.Build.0 = Debug|x86
		{6358DC91-456D-41D3-8C73-6EE39C6E3048}.DebugExternals|Any CPU.ActiveCfg = Debug|Any CPU
		{6358DC91-456D-41D3-8C73-6EE39C6E3048}.DebugExternals|Any CPU.Build.0 = Debug|Any CPU
		{6358DC91-456D-41D3-8C73-6EE39C6E3048}.DebugExternals|Mixed Platforms.ActiveCfg = Debug|Any CPU
		{6358DC91-456D-41D3-8C73-6EE39C6E3048}.DebugExternals|Mixed Platforms.Build.0 = Debug|Any CPU
		{6358DC91-456D-41D3-8C73-6EE39C6E3048}.DebugExternals|Win32.ActiveCfg = Debug|Any CPU
		{6358DC91-456D-41D3-8C73-6EE39C6E3048}.DebugExternals|x86.ActiveCfg = Debug|Any CPU
		{6358DC91-456D-41D3-8C73-6EE39C6E3048}.Release|Any CPU.ActiveCfg = Release|Any CPU
		{6358DC91-456D-41D3-8C73-6EE39C6E3048}.Release|Any CPU.Build.0 = Release|Any CPU
		{6358DC91-456D-41D3-8C73-6EE39C6E3048}.Release|Mixed Platforms.ActiveCfg = Release|x86
		{6358DC91-456D-41D3-8C73-6EE39C6E3048}.Release|Mixed Platforms.Build.0 = Release|x86
		{6358DC91-456D-41D3-8C73-6EE39C6E3048}.Release|Win32.ActiveCfg = Release|Any CPU
		{6358DC91-456D-41D3-8C73-6EE39C6E3048}.Release|x86.ActiveCfg = Release|x86
		{6358DC91-456D-41D3-8C73-6EE39C6E3048}.Release|x86.Build.0 = Release|x86
		{D978AB6E-FEEB-4AD5-8A2B-A515F0DC166A}.Debug|Any CPU.ActiveCfg = Debug|x86
		{D978AB6E-FEEB-4AD5-8A2B-A515F0DC166A}.Debug|Mixed Platforms.ActiveCfg = Debug|x86
		{D978AB6E-FEEB-4AD5-8A2B-A515F0DC166A}.Debug|Mixed Platforms.Build.0 = Debug|x86
		{D978AB6E-FEEB-4AD5-8A2B-A515F0DC166A}.Debug|Win32.ActiveCfg = Debug|x86
		{D978AB6E-FEEB-4AD5-8A2B-A515F0DC166A}.Debug|x86.ActiveCfg = Debug|x86
		{D978AB6E-FEEB-4AD5-8A2B-A515F0DC166A}.Debug|x86.Build.0 = Debug|x86
		{D978AB6E-FEEB-4AD5-8A2B-A515F0DC166A}.DebugExternals|Any CPU.ActiveCfg = Debug|x86
		{D978AB6E-FEEB-4AD5-8A2B-A515F0DC166A}.DebugExternals|Mixed Platforms.ActiveCfg = Debug|x86
		{D978AB6E-FEEB-4AD5-8A2B-A515F0DC166A}.DebugExternals|Mixed Platforms.Build.0 = Debug|x86
		{D978AB6E-FEEB-4AD5-8A2B-A515F0DC166A}.DebugExternals|Win32.ActiveCfg = Debug|x86
		{D978AB6E-FEEB-4AD5-8A2B-A515F0DC166A}.DebugExternals|x86.ActiveCfg = Debug|x86
		{D978AB6E-FEEB-4AD5-8A2B-A515F0DC166A}.DebugExternals|x86.Build.0 = Debug|x86
		{D978AB6E-FEEB-4AD5-8A2B-A515F0DC166A}.Release|Any CPU.ActiveCfg = Release|x86
		{D978AB6E-FEEB-4AD5-8A2B-A515F0DC166A}.Release|Mixed Platforms.ActiveCfg = Release|x86
		{D978AB6E-FEEB-4AD5-8A2B-A515F0DC166A}.Release|Mixed Platforms.Build.0 = Release|x86
		{D978AB6E-FEEB-4AD5-8A2B-A515F0DC166A}.Release|Win32.ActiveCfg = Release|x86
		{D978AB6E-FEEB-4AD5-8A2B-A515F0DC166A}.Release|x86.ActiveCfg = Release|x86
		{D978AB6E-FEEB-4AD5-8A2B-A515F0DC166A}.Release|x86.Build.0 = Release|x86
	EndGlobalSection
	GlobalSection(SolutionProperties) = preSolution
		HideSolutionNode = FALSE
	EndGlobalSection
	GlobalSection(NestedProjects) = preSolution
		{2BF373B8-5D33-4FCF-8C30-5E8CAF6777E7} = {58D505DA-544D-4DCD-B3DB-6562E446E6C4}
		{104B98B4-961D-4ED4-B7C3-7E790065AAED} = {58D505DA-544D-4DCD-B3DB-6562E446E6C4}
		{7B8CF26D-B8AF-4914-B395-93661D225EA3} = {58D505DA-544D-4DCD-B3DB-6562E446E6C4}
		{6358DC91-456D-41D3-8C73-6EE39C6E3048} = {58D505DA-544D-4DCD-B3DB-6562E446E6C4}
		{D978AB6E-FEEB-4AD5-8A2B-A515F0DC166A} = {58D505DA-544D-4DCD-B3DB-6562E446E6C4}
		{C0148B9E-A511-4631-A075-AE483D4153A8} = {FDF09E19-B008-4D02-B644-F473FB55BAFA}
		{2507E203-236D-4B02-8477-5FCBC30A670C} = {FDF09E19-B008-4D02-B644-F473FB55BAFA}
		{B2F5C3EB-9F9E-4B7A-ACBB-55781E62957C} = {FDF09E19-B008-4D02-B644-F473FB55BAFA}
		{4CBB8462-00A7-4814-AD3B-07C82EEEB0DE} = {FDF09E19-B008-4D02-B644-F473FB55BAFA}
		{F80DBE6D-D394-4811-B5E6-7528F849C71A} = {FDF09E19-B008-4D02-B644-F473FB55BAFA}
		{94D6DE5A-B99A-4EED-AF5B-C08746EA568E} = {FDF09E19-B008-4D02-B644-F473FB55BAFA}
	EndGlobalSection
EndGlobal
