
Microsoft Visual Studio Solution File, Format Version 12.00
# Visual Studio Version 16
VisualStudioVersion = 16.0.29728.190
MinimumVisualStudioVersion = 10.0.40219.1
Project("{FAE04EC0-301F-11D3-BF4B-00C04F79EFBC}") = "UnusedResources", "UnusedResources\UnusedResources.csproj", "{CF407975-81DF-4C9C-8B5B-9A48EA1677DF}"
EndProject
Project("{FAE04EC0-301F-11D3-BF4B-00C04F79EFBC}") = "Converter", "Converter\Converter.csproj", "{12A091F3-F88B-4EDD-919E-9D998BDE515D}"
EndProject
Global
	GlobalSection(SolutionConfigurationPlatforms) = preSolution
		Debug|Any CPU = Debug|Any CPU
		Debug|x86 = Debug|x86
		Release|Any CPU = Release|Any CPU
		Release|x86 = Release|x86
	EndGlobalSection
	GlobalSection(ProjectConfigurationPlatforms) = postSolution
		{CF407975-81DF-4C9C-8B5B-9A48EA1677DF}.Debug|Any CPU.ActiveCfg = Debug|x86
		{CF407975-81DF-4C9C-8B5B-9A48EA1677DF}.Debug|x86.ActiveCfg = Debug|x86
		{CF407975-81DF-4C9C-8B5B-9A48EA1677DF}.Debug|x86.Build.0 = Debug|x86
		{CF407975-81DF-4C9C-8B5B-9A48EA1677DF}.Release|Any CPU.ActiveCfg = Release|x86
		{CF407975-81DF-4C9C-8B5B-9A48EA1677DF}.Release|x86.ActiveCfg = Release|x86
		{CF407975-81DF-4C9C-8B5B-9A48EA1677DF}.Release|x86.Build.0 = Release|x86
		{12A091F3-F88B-4EDD-919E-9D998BDE515D}.Debug|Any CPU.ActiveCfg = Debug|Any CPU
		{12A091F3-F88B-4EDD-919E-9D998BDE515D}.Debug|Any CPU.Build.0 = Debug|Any CPU
		{12A091F3-F88B-4EDD-919E-9D998BDE515D}.Debug|x86.ActiveCfg = Debug|Any CPU
		{12A091F3-F88B-4EDD-919E-9D998BDE515D}.Debug|x86.Build.0 = Debug|Any CPU
		{12A091F3-F88B-4EDD-919E-9D998BDE515D}.Release|Any CPU.ActiveCfg = Release|Any CPU
		{12A091F3-F88B-4EDD-919E-9D998BDE515D}.Release|Any CPU.Build.0 = Release|Any CPU
		{12A091F3-F88B-4EDD-919E-9D998BDE515D}.Release|x86.ActiveCfg = Release|Any CPU
		{12A091F3-F88B-4EDD-919E-9D998BDE515D}.Release|x86.Build.0 = Release|Any CPU
	EndGlobalSection
	GlobalSection(SolutionProperties) = preSolution
		HideSolutionNode = FALSE
	EndGlobalSection
	GlobalSection(ExtensibilityGlobals) = postSolution
		SolutionGuid = {FB23AFFA-B9C2-47D6-8CDF-698A2036E0E0}
	EndGlobalSection
EndGlobal
